
Microsoft Visual Studio Solution File, Format Version 12.00
# Visual Studio 15
VisualStudioVersion = 15.0.28010.2036
MinimumVisualStudioVersion = 10.0.40219.1
Project("{FAE04EC0-301F-11D3-BF4B-00C04F79EFBC}") = "DictRecognition", "DictRecognition\DictRecognition.csproj", "{A3D81941-0807-4803-95AD-832A46BA53EE}"
EndProject
Global
	GlobalSection(SolutionConfigurationPlatforms) = preSolution
		Debug|Any CPU = Debug|Any CPU
		Release|Any CPU = Release|Any CPU
	EndGlobalSection
	GlobalSection(ProjectConfigurationPlatforms) = postSolution
		{A3D81941-0807-4803-95AD-832A46BA53EE}.Debug|Any CPU.ActiveCfg = Debug|Any CPU
		{A3D81941-0807-4803-95AD-832A46BA53EE}.Debug|Any CPU.Build.0 = Debug|Any CPU
		{A3D81941-0807-4803-95AD-832A46BA53EE}.Release|Any CPU.ActiveCfg = Release|Any CPU
		{A3D81941-0807-4803-95AD-832A46BA53EE}.Release|Any CPU.Build.0 = Release|Any CPU
	EndGlobalSection
	GlobalSection(SolutionProperties) = preSolution
		HideSolutionNode = FALSE
	EndGlobalSection
	GlobalSection(ExtensibilityGlobals) = postSolution
		SolutionGuid = {46ACCF88-CAA3-4132-8BF8-64E6A450BA46}
	EndGlobalSection
EndGlobal
